
Microsoft Visual Studio Solution File, Format Version 12.00
# Visual Studio 15
VisualStudioVersion = 15.0.27004.2009
MinimumVisualStudioVersion = 10.0.40219.1
Project("{FAE04EC0-301F-11D3-BF4B-00C04F79EFBC}") = "TwentyFourDays", "TwentyFourDays\TwentyFourDays.csproj", "{B127BC62-6D0F-4306-ABEB-A24D1399F6FA}"
EndProject
Global
	GlobalSection(SolutionConfigurationPlatforms) = preSolution
		Debug|Any CPU = Debug|Any CPU
		Release|Any CPU = Release|Any CPU
	EndGlobalSection
	GlobalSection(ProjectConfigurationPlatforms) = postSolution
		{B127BC62-6D0F-4306-ABEB-A24D1399F6FA}.Debug|Any CPU.ActiveCfg = Debug|Any CPU
		{B127BC62-6D0F-4306-ABEB-A24D1399F6FA}.Debug|Any CPU.Build.0 = Debug|Any CPU
		{B127BC62-6D0F-4306-ABEB-A24D1399F6FA}.Release|Any CPU.ActiveCfg = Release|Any CPU
		{B127BC62-6D0F-4306-ABEB-A24D1399F6FA}.Release|Any CPU.Build.0 = Release|Any CPU
	EndGlobalSection
	GlobalSection(SolutionProperties) = preSolution
		HideSolutionNode = FALSE
	EndGlobalSection
	GlobalSection(ExtensibilityGlobals) = postSolution
		SolutionGuid = {B7D70040-FA8B-429E-990F-D2F74DC09D67}
	EndGlobalSection
EndGlobal
